
Microsoft Visual Studio Solution File, Format Version 12.00
# Visual Studio 15
VisualStudioVersion = 15.0.28307.168
MinimumVisualStudioVersion = 10.0.40219.1
Project("{8BC9CEB8-8B4A-11D0-8D11-00A0C91BC942}") = "completeBST", "completeBST\completeBST.vcxproj", "{40401F91-86E8-4E46-BD55-C807CD21B3BC}"
EndProject
Global
	GlobalSection(SolutionConfigurationPlatforms) = preSolution
		Debug|x64 = Debug|x64
		Debug|x86 = Debug|x86
		Release|x64 = Release|x64
		Release|x86 = Release|x86
	EndGlobalSection
	GlobalSection(ProjectConfigurationPlatforms) = postSolution
		{40401F91-86E8-4E46-BD55-C807CD21B3BC}.Debug|x64.ActiveCfg = Debug|x64
		{40401F91-86E8-4E46-BD55-C807CD21B3BC}.Debug|x64.Build.0 = Debug|x64
		{40401F91-86E8-4E46-BD55-C807CD21B3BC}.Debug|x86.ActiveCfg = Debug|Win32
		{40401F91-86E8-4E46-BD55-C807CD21B3BC}.Debug|x86.Build.0 = Debug|Win32
		{40401F91-86E8-4E46-BD55-C807CD21B3BC}.Release|x64.ActiveCfg = Release|x64
		{40401F91-86E8-4E46-BD55-C807CD21B3BC}.Release|x64.Build.0 = Release|x64
		{40401F91-86E8-4E46-BD55-C807CD21B3BC}.Release|x86.ActiveCfg = Release|Win32
		{40401F91-86E8-4E46-BD55-C807CD21B3BC}.Release|x86.Build.0 = Release|Win32
	EndGlobalSection
	GlobalSection(SolutionProperties) = preSolution
		HideSolutionNode = FALSE
	EndGlobalSection
	GlobalSection(ExtensibilityGlobals) = postSolution
		SolutionGuid = {4549CCD9-C95D-4258-A3C2-61D3DAF5F814}
	EndGlobalSection
EndGlobal
